
Microsoft Visual Studio Solution File, Format Version 12.00
# Visual Studio Version 17
VisualStudioVersion = 17.0.31903.59
MinimumVisualStudioVersion = 10.0.40219.1
Project("{FAE04EC0-301F-11D3-BF4B-00C04F79EFBC}") = "SeaBattle", "SeaBattle\SeaBattle.csproj", "{BEF95006-6BE2-40C4-842D-81AA3F35D4B9}"
EndProject
Project("{FAE04EC0-301F-11D3-BF4B-00C04F79EFBC}") = "SeaBattle.Tests", "SeaBattle.Tests\SeaBattle.Tests.csproj", "{37DF14AA-14EA-44CE-9EE8-1CC43C46DD22}"
EndProject
Global
	GlobalSection(SolutionConfigurationPlatforms) = preSolution
		Debug|Any CPU = Debug|Any CPU
		Debug|x64 = Debug|x64
		Debug|x86 = Debug|x86
		Release|Any CPU = Release|Any CPU
		Release|x64 = Release|x64
		Release|x86 = Release|x86
	EndGlobalSection
	GlobalSection(ProjectConfigurationPlatforms) = postSolution
		{BEF95006-6BE2-40C4-842D-81AA3F35D4B9}.Debug|Any CPU.ActiveCfg = Debug|Any CPU
		{BEF95006-6BE2-40C4-842D-81AA3F35D4B9}.Debug|Any CPU.Build.0 = Debug|Any CPU
		{BEF95006-6BE2-40C4-842D-81AA3F35D4B9}.Debug|x64.ActiveCfg = Debug|Any CPU
		{BEF95006-6BE2-40C4-842D-81AA3F35D4B9}.Debug|x64.Build.0 = Debug|Any CPU
		{BEF95006-6BE2-40C4-842D-81AA3F35D4B9}.Debug|x86.ActiveCfg = Debug|Any CPU
		{BEF95006-6BE2-40C4-842D-81AA3F35D4B9}.Debug|x86.Build.0 = Debug|Any CPU
		{BEF95006-6BE2-40C4-842D-81AA3F35D4B9}.Release|Any CPU.ActiveCfg = Release|Any CPU
		{BEF95006-6BE2-40C4-842D-81AA3F35D4B9}.Release|Any CPU.Build.0 = Release|Any CPU
		{BEF95006-6BE2-40C4-842D-81AA3F35D4B9}.Release|x64.ActiveCfg = Release|Any CPU
		{BEF95006-6BE2-40C4-842D-81AA3F35D4B9}.Release|x64.Build.0 = Release|Any CPU
		{BEF95006-6BE2-40C4-842D-81AA3F35D4B9}.Release|x86.ActiveCfg = Release|Any CPU
		{BEF95006-6BE2-40C4-842D-81AA3F35D4B9}.Release|x86.Build.0 = Release|Any CPU
		{37DF14AA-14EA-44CE-9EE8-1CC43C46DD22}.Debug|Any CPU.ActiveCfg = Debug|Any CPU
		{37DF14AA-14EA-44CE-9EE8-1CC43C46DD22}.Debug|Any CPU.Build.0 = Debug|Any CPU
		{37DF14AA-14EA-44CE-9EE8-1CC43C46DD22}.Debug|x64.ActiveCfg = Debug|Any CPU
		{37DF14AA-14EA-44CE-9EE8-1CC43C46DD22}.Debug|x64.Build.0 = Debug|Any CPU
		{37DF14AA-14EA-44CE-9EE8-1CC43C46DD22}.Debug|x86.ActiveCfg = Debug|Any CPU
		{37DF14AA-14EA-44CE-9EE8-1CC43C46DD22}.Debug|x86.Build.0 = Debug|Any CPU
		{37DF14AA-14EA-44CE-9EE8-1CC43C46DD22}.Release|Any CPU.ActiveCfg = Release|Any CPU
		{37DF14AA-14EA-44CE-9EE8-1CC43C46DD22}.Release|Any CPU.Build.0 = Release|Any CPU
		{37DF14AA-14EA-44CE-9EE8-1CC43C46DD22}.Release|x64.ActiveCfg = Release|Any CPU
		{37DF14AA-14EA-44CE-9EE8-1CC43C46DD22}.Release|x64.Build.0 = Release|Any CPU
		{37DF14AA-14EA-44CE-9EE8-1CC43C46DD22}.Release|x86.ActiveCfg = Release|Any CPU
		{37DF14AA-14EA-44CE-9EE8-1CC43C46DD22}.Release|x86.Build.0 = Release|Any CPU
	EndGlobalSection
	GlobalSection(SolutionProperties) = preSolution
		HideSolutionNode = FALSE
	EndGlobalSection
EndGlobal
